
Microsoft Visual Studio Solution File, Format Version 12.00
# Visual Studio Version 16
VisualStudioVersion = 16.0.31129.286
MinimumVisualStudioVersion = 10.0.40219.1
Project("{FAE04EC0-301F-11D3-BF4B-00C04F79EFBC}") = "Recruitment.Core", "Recruitment.Core\Recruitment.Core.csproj", "{171BC88E-F433-44B5-8FB3-11067EF190D6}"
EndProject
Project("{FAE04EC0-301F-11D3-BF4B-00C04F79EFBC}") = "Recruitment.WebMVC", "Recruitment.WebMVC\Recruitment.WebMVC.csproj", "{C6591DBC-9D3C-4524-9957-CB0F34FBF17C}"
EndProject
Project("{9A19103F-16F7-4668-BE54-9A1E7A4F7556}") = "Recruitment.WebAPI", "Recruitment.WebAPI\Recruitment.WebAPI.csproj", "{0902640E-DB75-4286-BBFC-8A3B4FF7C8BB}"
EndProject
Global
	GlobalSection(SolutionConfigurationPlatforms) = preSolution
		Debug|Any CPU = Debug|Any CPU
		Release|Any CPU = Release|Any CPU
	EndGlobalSection
	GlobalSection(ProjectConfigurationPlatforms) = postSolution
		{171BC88E-F433-44B5-8FB3-11067EF190D6}.Debug|Any CPU.ActiveCfg = Debug|Any CPU
		{171BC88E-F433-44B5-8FB3-11067EF190D6}.Debug|Any CPU.Build.0 = Debug|Any CPU
		{171BC88E-F433-44B5-8FB3-11067EF190D6}.Release|Any CPU.ActiveCfg = Release|Any CPU
		{171BC88E-F433-44B5-8FB3-11067EF190D6}.Release|Any CPU.Build.0 = Release|Any CPU
		{C6591DBC-9D3C-4524-9957-CB0F34FBF17C}.Debug|Any CPU.ActiveCfg = Debug|Any CPU
		{C6591DBC-9D3C-4524-9957-CB0F34FBF17C}.Debug|Any CPU.Build.0 = Debug|Any CPU
		{C6591DBC-9D3C-4524-9957-CB0F34FBF17C}.Release|Any CPU.ActiveCfg = Release|Any CPU
		{C6591DBC-9D3C-4524-9957-CB0F34FBF17C}.Release|Any CPU.Build.0 = Release|Any CPU
		{0902640E-DB75-4286-BBFC-8A3B4FF7C8BB}.Debug|Any CPU.ActiveCfg = Debug|Any CPU
		{0902640E-DB75-4286-BBFC-8A3B4FF7C8BB}.Debug|Any CPU.Build.0 = Debug|Any CPU
		{0902640E-DB75-4286-BBFC-8A3B4FF7C8BB}.Release|Any CPU.ActiveCfg = Release|Any CPU
		{0902640E-DB75-4286-BBFC-8A3B4FF7C8BB}.Release|Any CPU.Build.0 = Release|Any CPU
	EndGlobalSection
	GlobalSection(SolutionProperties) = preSolution
		HideSolutionNode = FALSE
	EndGlobalSection
	GlobalSection(ExtensibilityGlobals) = postSolution
		SolutionGuid = {9817001C-322F-45A0-ADD5-684D98D89A8A}
	EndGlobalSection
EndGlobal
